
Microsoft Visual Studio Solution File, Format Version 12.00
# Visual Studio 15
VisualStudioVersion = 15.0.27703.2000
MinimumVisualStudioVersion = 10.0.40219.1
Project("{2150E333-8FDC-42A3-9474-1A3956D46DE8}") = "Core", "Core", "{503DBF61-7C22-4F85-9E22-A2B1D9E8A1E1}"
EndProject
Project("{8BC9CEB8-8B4A-11D0-8D11-00A0C91BC942}") = "Core.ImgProcessing.Con", "Core.ImgProcessing.Con\Core.ImgProcessing.Con.vcxproj", "{ABB48485-7E73-4115-91A9-9AB8B17F31E1}"
EndProject
Global
	GlobalSection(SolutionConfigurationPlatforms) = preSolution
		Debug|x64 = Debug|x64
		Debug|x86 = Debug|x86
		Release|x64 = Release|x64
		Release|x86 = Release|x86
	EndGlobalSection
	GlobalSection(ProjectConfigurationPlatforms) = postSolution
		{ABB48485-7E73-4115-91A9-9AB8B17F31E1}.Debug|x64.ActiveCfg = Debug|x64
		{ABB48485-7E73-4115-91A9-9AB8B17F31E1}.Debug|x64.Build.0 = Debug|x64
		{ABB48485-7E73-4115-91A9-9AB8B17F31E1}.Debug|x86.ActiveCfg = Debug|Win32
		{ABB48485-7E73-4115-91A9-9AB8B17F31E1}.Debug|x86.Build.0 = Debug|Win32
		{ABB48485-7E73-4115-91A9-9AB8B17F31E1}.Release|x64.ActiveCfg = Release|x64
		{ABB48485-7E73-4115-91A9-9AB8B17F31E1}.Release|x64.Build.0 = Release|x64
		{ABB48485-7E73-4115-91A9-9AB8B17F31E1}.Release|x86.ActiveCfg = Release|Win32
		{ABB48485-7E73-4115-91A9-9AB8B17F31E1}.Release|x86.Build.0 = Release|Win32
	EndGlobalSection
	GlobalSection(SolutionProperties) = preSolution
		HideSolutionNode = FALSE
	EndGlobalSection
	GlobalSection(NestedProjects) = preSolution
		{ABB48485-7E73-4115-91A9-9AB8B17F31E1} = {503DBF61-7C22-4F85-9E22-A2B1D9E8A1E1}
	EndGlobalSection
	GlobalSection(ExtensibilityGlobals) = postSolution
		SolutionGuid = {FE66D517-50A6-4EE7-93D2-DEE315F967F8}
	EndGlobalSection
EndGlobal
